// !$*UTF8*$!
{
	archiveVersion = 1;
	classes = {
	};
	objectVersion = 46;
	objects = {

/* Begin PBXBuildFile section */
		2240CEF817E750710065C648 /* UIKit.framework in Frameworks */ = {isa = PBXBuildFile; fileRef = 2240CEF717E750710065C648 /* UIKit.framework */; };
		2240CEFA17E750710065C648 /* Foundation.framework in Frameworks */ = {isa = PBXBuildFile; fileRef = 2240CEF917E750710065C648 /* Foundation.framework */; };
		2240CEFC17E750710065C648 /* CoreGraphics.framework in Frameworks */ = {isa = PBXBuildFile; fileRef = 2240CEFB17E750710065C648 /* CoreGraphics.framework */; };
		2240CF0217E750710065C648 /* InfoPlist.strings in Resources */ = {isa = PBXBuildFile; fileRef = 2240CF0017E750710065C648 /* InfoPlist.strings */; };
		2240CF0417E750710065C648 /* main.m in Sources */ = {isa = PBXBuildFile; fileRef = 2240CF0317E750710065C648 /* main.m */; };
		2240CF0817E750710065C648 /* JiPAppDelegate.m in Sources */ = {isa = PBXBuildFile; fileRef = 2240CF0717E750710065C648 /* JiPAppDelegate.m */; };
		2240CF0A17E750710065C648 /* Default.png in Resources */ = {isa = PBXBuildFile; fileRef = 2240CF0917E750710065C648 /* Default.png */; };
		2240CF0C17E750710065C648 /* Default@2x.png in Resources */ = {isa = PBXBuildFile; fileRef = 2240CF0B17E750710065C648 /* Default@2x.png */; };
		2240CF0E17E750710065C648 /* Default-568h@2x.png in Resources */ = {isa = PBXBuildFile; fileRef = 2240CF0D17E750710065C648 /* Default-568h@2x.png */; };
		2240CF1117E750710065C648 /* MainStoryboard.storyboard in Resources */ = {isa = PBXBuildFile; fileRef = 2240CF0F17E750710065C648 /* MainStoryboard.storyboard */; };
		2240CF1417E750710065C648 /* JiPMainViewController.m in Sources */ = {isa = PBXBuildFile; fileRef = 2240CF1317E750710065C648 /* JiPMainViewController.m */; };
		2240CF1717E750710065C648 /* JiPFlipsideViewController.m in Sources */ = {isa = PBXBuildFile; fileRef = 2240CF1617E750710065C648 /* JiPFlipsideViewController.m */; };
		2256E36417EB3CB200E4B1AA /* PhonoNative-i386.a in Frameworks */ = {isa = PBXBuildFile; fileRef = 2256E36217EB3CB200E4B1AA /* PhonoNative-i386.a */; };
		2256E36617EB3CCC00E4B1AA /* CoreAudio.framework in Frameworks */ = {isa = PBXBuildFile; fileRef = 2256E36517EB3CCC00E4B1AA /* CoreAudio.framework */; };
		2256E36817EB3CE000E4B1AA /* Security.framework in Frameworks */ = {isa = PBXBuildFile; fileRef = 2256E36717EB3CE000E4B1AA /* Security.framework */; };
		2256E36A17EB3E7E00E4B1AA /* ringback-uk.mp3 in Resources */ = {isa = PBXBuildFile; fileRef = 2256E36917EB3E7E00E4B1AA /* ringback-uk.mp3 */; };
		2256E36C17EB415A00E4B1AA /* AudioToolbox.framework in Frameworks */ = {isa = PBXBuildFile; fileRef = 2256E36B17EB415A00E4B1AA /* AudioToolbox.framework */; };
		2256E36E17EB416C00E4B1AA /* CFNetwork.framework in Frameworks */ = {isa = PBXBuildFile; fileRef = 2256E36D17EB416C00E4B1AA /* CFNetwork.framework */; };
		2256E37017EB417200E4B1AA /* AVFoundation.framework in Frameworks */ = {isa = PBXBuildFile; fileRef = 2256E36F17EB417200E4B1AA /* AVFoundation.framework */; };
		2256E37217EB41A100E4B1AA /* libresolv.dylib in Frameworks */ = {isa = PBXBuildFile; fileRef = 2256E37117EB41A100E4B1AA /* libresolv.dylib */; };
		2256E37417EB41C600E4B1AA /* CoreFoundation.framework in Frameworks */ = {isa = PBXBuildFile; fileRef = 2256E37317EB41C600E4B1AA /* CoreFoundation.framework */; };
		2256E37617EB41D100E4B1AA /* CoreData.framework in Frameworks */ = {isa = PBXBuildFile; fileRef = 2256E37517EB41D100E4B1AA /* CoreData.framework */; };
		2256E37817EB41DE00E4B1AA /* SystemConfiguration.framework in Frameworks */ = {isa = PBXBuildFile; fileRef = 2256E37717EB41DE00E4B1AA /* SystemConfiguration.framework */; };
		22D8C78E17E9E20C00DBE698 /* phono-slide-icon57.png in Resources */ = {isa = PBXBuildFile; fileRef = 22D8C78D17E9E20C00DBE698 /* phono-slide-icon57.png */; };
/* End PBXBuildFile section */

/* Begin PBXFileReference section */
		2240CEF417E750710065C648 /* jiraphone.app */ = {isa = PBXFileReference; explicitFileType = wrapper.application; includeInIndex = 0; path = jiraphone.app; sourceTree = BUILT_PRODUCTS_DIR; };
		2240CEF717E750710065C648 /* UIKit.framework */ = {isa = PBXFileReference; lastKnownFileType = wrapper.framework; name = UIKit.framework; path = System/Library/Frameworks/UIKit.framework; sourceTree = SDKROOT; };
		2240CEF917E750710065C648 /* Foundation.framework */ = {isa = PBXFileReference; lastKnownFileType = wrapper.framework; name = Foundation.framework; path = System/Library/Frameworks/Foundation.framework; sourceTree = SDKROOT; };
		2240CEFB17E750710065C648 /* CoreGraphics.framework */ = {isa = PBXFileReference; lastKnownFileType = wrapper.framework; name = CoreGraphics.framework; path = System/Library/Frameworks/CoreGraphics.framework; sourceTree = SDKROOT; };
		2240CEFF17E750710065C648 /* jiraphone-Info.plist */ = {isa = PBXFileReference; lastKnownFileType = text.plist.xml; path = "jiraphone-Info.plist"; sourceTree = "<group>"; };
		2240CF0117E750710065C648 /* en */ = {isa = PBXFileReference; lastKnownFileType = text.plist.strings; name = en; path = en.lproj/InfoPlist.strings; sourceTree = "<group>"; };
		2240CF0317E750710065C648 /* main.m */ = {isa = PBXFileReference; lastKnownFileType = sourcecode.c.objc; path = main.m; sourceTree = "<group>"; };
		2240CF0517E750710065C648 /* jiraphone-Prefix.pch */ = {isa = PBXFileReference; lastKnownFileType = sourcecode.c.h; path = "jiraphone-Prefix.pch"; sourceTree = "<group>"; };
		2240CF0617E750710065C648 /* JiPAppDelegate.h */ = {isa = PBXFileReference; lastKnownFileType = sourcecode.c.h; path = JiPAppDelegate.h; sourceTree = "<group>"; };
		2240CF0717E750710065C648 /* JiPAppDelegate.m */ = {isa = PBXFileReference; lastKnownFileType = sourcecode.c.objc; path = JiPAppDelegate.m; sourceTree = "<group>"; };
		2240CF0917E750710065C648 /* Default.png */ = {isa = PBXFileReference; lastKnownFileType = image.png; path = Default.png; sourceTree = "<group>"; };
		2240CF0B17E750710065C648 /* Default@2x.png */ = {isa = PBXFileReference; lastKnownFileType = image.png; path = "Default@2x.png"; sourceTree = "<group>"; };
		2240CF0D17E750710065C648 /* Default-568h@2x.png */ = {isa = PBXFileReference; lastKnownFileType = image.png; path = "Default-568h@2x.png"; sourceTree = "<group>"; };
		2240CF1017E750710065C648 /* en */ = {isa = PBXFileReference; lastKnownFileType = file.storyboard; name = en; path = en.lproj/MainStoryboard.storyboard; sourceTree = "<group>"; };
		2240CF1217E750710065C648 /* JiPMainViewController.h */ = {isa = PBXFileReference; lastKnownFileType = sourcecode.c.h; path = JiPMainViewController.h; sourceTree = "<group>"; };
		2240CF1317E750710065C648 /* JiPMainViewController.m */ = {isa = PBXFileReference; lastKnownFileType = sourcecode.c.objc; path = JiPMainViewController.m; sourceTree = "<group>"; };
		2240CF1517E750710065C648 /* JiPFlipsideViewController.h */ = {isa = PBXFileReference; lastKnownFileType = sourcecode.c.h; path = JiPFlipsideViewController.h; sourceTree = "<group>"; };
		2240CF1617E750710065C648 /* JiPFlipsideViewController.m */ = {isa = PBXFileReference; lastKnownFileType = sourcecode.c.objc; path = JiPFlipsideViewController.m; sourceTree = "<group>"; };
		2256E35C17EB3C7700E4B1AA /* PhonoCall.h */ = {isa = PBXFileReference; fileEncoding = 4; lastKnownFileType = sourcecode.c.h; path = PhonoCall.h; sourceTree = "<group>"; };
		2256E35D17EB3C7700E4B1AA /* PhonoMessage.h */ = {isa = PBXFileReference; fileEncoding = 4; lastKnownFileType = sourcecode.c.h; path = PhonoMessage.h; sourceTree = "<group>"; };
		2256E35E17EB3C7700E4B1AA /* PhonoMessaging.h */ = {isa = PBXFileReference; fileEncoding = 4; lastKnownFileType = sourcecode.c.h; path = PhonoMessaging.h; sourceTree = "<group>"; };
		2256E35F17EB3C7700E4B1AA /* PhonoNative.h */ = {isa = PBXFileReference; fileEncoding = 4; lastKnownFileType = sourcecode.c.h; path = PhonoNative.h; sourceTree = "<group>"; };
		2256E36017EB3C7700E4B1AA /* PhonoPhone.h */ = {isa = PBXFileReference; fileEncoding = 4; lastKnownFileType = sourcecode.c.h; path = PhonoPhone.h; sourceTree = "<group>"; };
		2256E36217EB3CB200E4B1AA /* PhonoNative-i386.a */ = {isa = PBXFileReference; lastKnownFileType = archive.ar; name = "PhonoNative-i386.a"; path = "../../../phono/PhonoSDK-1.1/target/sdk/plugins/native-ios/PhonoNative-i386.a"; sourceTree = "<group>"; };
		2256E36517EB3CCC00E4B1AA /* CoreAudio.framework */ = {isa = PBXFileReference; lastKnownFileType = wrapper.framework; name = CoreAudio.framework; path = System/Library/Frameworks/CoreAudio.framework; sourceTree = SDKROOT; };
		2256E36717EB3CE000E4B1AA /* Security.framework */ = {isa = PBXFileReference; lastKnownFileType = wrapper.framework; name = Security.framework; path = System/Library/Frameworks/Security.framework; sourceTree = SDKROOT; };
		2256E36917EB3E7E00E4B1AA /* ringback-uk.mp3 */ = {isa = PBXFileReference; lastKnownFileType = audio.mp3; path = "ringback-uk.mp3"; sourceTree = "<group>"; };
		2256E36B17EB415A00E4B1AA /* AudioToolbox.framework */ = {isa = PBXFileReference; lastKnownFileType = wrapper.framework; name = AudioToolbox.framework; path = System/Library/Frameworks/AudioToolbox.framework; sourceTree = SDKROOT; };
		2256E36D17EB416C00E4B1AA /* CFNetwork.framework */ = {isa = PBXFileReference; lastKnownFileType = wrapper.framework; name = CFNetwork.framework; path = System/Library/Frameworks/CFNetwork.framework; sourceTree = SDKROOT; };
		2256E36F17EB417200E4B1AA /* AVFoundation.framework */ = {isa = PBXFileReference; lastKnownFileType = wrapper.framework; name = AVFoundation.framework; path = System/Library/Frameworks/AVFoundation.framework; sourceTree = SDKROOT; };
		2256E37117EB41A100E4B1AA /* libresolv.dylib */ = {isa = PBXFileReference; lastKnownFileType = "compiled.mach-o.dylib"; name = libresolv.dylib; path = usr/lib/libresolv.dylib; sourceTree = SDKROOT; };
		2256E37317EB41C600E4B1AA /* CoreFoundation.framework */ = {isa = PBXFileReference; lastKnownFileType = wrapper.framework; name = CoreFoundation.framework; path = System/Library/Frameworks/CoreFoundation.framework; sourceTree = SDKROOT; };
		2256E37517EB41D100E4B1AA /* CoreData.framework */ = {isa = PBXFileReference; lastKnownFileType = wrapper.framework; name = CoreData.framework; path = System/Library/Frameworks/CoreData.framework; sourceTree = SDKROOT; };
		2256E37717EB41DE00E4B1AA /* SystemConfiguration.framework */ = {isa = PBXFileReference; lastKnownFileType = wrapper.framework; name = SystemConfiguration.framework; path = System/Library/Frameworks/SystemConfiguration.framework; sourceTree = SDKROOT; };
		22D8C78D17E9E20C00DBE698 /* phono-slide-icon57.png */ = {isa = PBXFileReference; lastKnownFileType = image.png; path = "phono-slide-icon57.png"; sourceTree = "<group>"; };
/* End PBXFileReference section */

/* Begin PBXFrameworksBuildPhase section */
		2240CEF117E750710065C648 /* Frameworks */ = {
			isa = PBXFrameworksBuildPhase;
			buildActionMask = 2147483647;
			files = (
				2256E37817EB41DE00E4B1AA /* SystemConfiguration.framework in Frameworks */,
				2256E37617EB41D100E4B1AA /* CoreData.framework in Frameworks */,
				2256E37417EB41C600E4B1AA /* CoreFoundation.framework in Frameworks */,
				2256E37217EB41A100E4B1AA /* libresolv.dylib in Frameworks */,
				2256E37017EB417200E4B1AA /* AVFoundation.framework in Frameworks */,
				2256E36E17EB416C00E4B1AA /* CFNetwork.framework in Frameworks */,
				2256E36C17EB415A00E4B1AA /* AudioToolbox.framework in Frameworks */,
				2256E36817EB3CE000E4B1AA /* Security.framework in Frameworks */,
				2256E36617EB3CCC00E4B1AA /* CoreAudio.framework in Frameworks */,
				2256E36417EB3CB200E4B1AA /* PhonoNative-i386.a in Frameworks */,
				2240CEF817E750710065C648 /* UIKit.framework in Frameworks */,
				2240CEFA17E750710065C648 /* Foundation.framework in Frameworks */,
				2240CEFC17E750710065C648 /* CoreGraphics.framework in Frameworks */,
			);
			runOnlyForDeploymentPostprocessing = 0;
		};
/* End PBXFrameworksBuildPhase section */

/* Begin PBXGroup section */
		2240CEEB17E750710065C648 = {
			isa = PBXGroup;
			children = (
				2256E37717EB41DE00E4B1AA /* SystemConfiguration.framework */,
				2256E37517EB41D100E4B1AA /* CoreData.framework */,
				2256E37317EB41C600E4B1AA /* CoreFoundation.framework */,
				2256E37117EB41A100E4B1AA /* libresolv.dylib */,
				2256E36F17EB417200E4B1AA /* AVFoundation.framework */,
				2256E36D17EB416C00E4B1AA /* CFNetwork.framework */,
				2256E36B17EB415A00E4B1AA /* AudioToolbox.framework */,
				2256E36917EB3E7E00E4B1AA /* ringback-uk.mp3 */,
				2256E36717EB3CE000E4B1AA /* Security.framework */,
				2256E36517EB3CCC00E4B1AA /* CoreAudio.framework */,
				2256E36217EB3CB200E4B1AA /* PhonoNative-i386.a */,
				2256E35B17EB3C7700E4B1AA /* Headers */,
				2240CEFD17E750710065C648 /* jiraphone */,
				2240CEF617E750710065C648 /* Frameworks */,
				2240CEF517E750710065C648 /* Products */,
			);
			sourceTree = "<group>";
		};
		2240CEF517E750710065C648 /* Products */ = {
			isa = PBXGroup;
			children = (
				2240CEF417E750710065C648 /* jiraphone.app */,
			);
			name = Products;
			sourceTree = "<group>";
		};
		2240CEF617E750710065C648 /* Frameworks */ = {
			isa = PBXGroup;
			children = (
				2240CEF717E750710065C648 /* UIKit.framework */,
				2240CEF917E750710065C648 /* Foundation.framework */,
				2240CEFB17E750710065C648 /* CoreGraphics.framework */,
			);
			name = Frameworks;
			sourceTree = "<group>";
		};
		2240CEFD17E750710065C648 /* jiraphone */ = {
			isa = PBXGroup;
			children = (
				2240CF0617E750710065C648 /* JiPAppDelegate.h */,
				2240CF0717E750710065C648 /* JiPAppDelegate.m */,
				2240CF0F17E750710065C648 /* MainStoryboard.storyboard */,
				2240CF1217E750710065C648 /* JiPMainViewController.h */,
				2240CF1317E750710065C648 /* JiPMainViewController.m */,
				2240CF1517E750710065C648 /* JiPFlipsideViewController.h */,
				2240CF1617E750710065C648 /* JiPFlipsideViewController.m */,
				2240CEFE17E750710065C648 /* Supporting Files */,
			);
			path = jiraphone;
			sourceTree = "<group>";
		};
		2240CEFE17E750710065C648 /* Supporting Files */ = {
			isa = PBXGroup;
			children = (
				2240CEFF17E750710065C648 /* jiraphone-Info.plist */,
				2240CF0017E750710065C648 /* InfoPlist.strings */,
				22D8C78D17E9E20C00DBE698 /* phono-slide-icon57.png */,
				2240CF0317E750710065C648 /* main.m */,
				2240CF0517E750710065C648 /* jiraphone-Prefix.pch */,
				2240CF0917E750710065C648 /* Default.png */,
				2240CF0B17E750710065C648 /* Default@2x.png */,
				2240CF0D17E750710065C648 /* Default-568h@2x.png */,
			);
			name = "Supporting Files";
			sourceTree = "<group>";
		};
		2256E35B17EB3C7700E4B1AA /* Headers */ = {
			isa = PBXGroup;
			children = (
				2256E35C17EB3C7700E4B1AA /* PhonoCall.h */,
				2256E35D17EB3C7700E4B1AA /* PhonoMessage.h */,
				2256E35E17EB3C7700E4B1AA /* PhonoMessaging.h */,
				2256E35F17EB3C7700E4B1AA /* PhonoNative.h */,
				2256E36017EB3C7700E4B1AA /* PhonoPhone.h */,
			);
			path = Headers;
			sourceTree = "<group>";
		};
/* End PBXGroup section */

/* Begin PBXNativeTarget section */
		2240CEF317E750710065C648 /* jiraphone */ = {
			isa = PBXNativeTarget;
			buildConfigurationList = 2240CF1A17E750710065C648 /* Build configuration list for PBXNativeTarget "jiraphone" */;
			buildPhases = (
				2240CEF017E750710065C648 /* Sources */,
				2240CEF117E750710065C648 /* Frameworks */,
				2240CEF217E750710065C648 /* Resources */,
			);
			buildRules = (
			);
			dependencies = (
			);
			name = jiraphone;
			productName = jiraphone;
			productReference = 2240CEF417E750710065C648 /* jiraphone.app */;
			productType = "com.apple.product-type.application";
		};
/* End PBXNativeTarget section */

/* Begin PBXProject section */
		2240CEEC17E750710065C648 /* Project object */ = {
			isa = PBXProject;
			attributes = {
				CLASSPREFIX = JiP;
				LastUpgradeCheck = 0460;
				ORGANIZATIONNAME = "Tim Panton";
			};
			buildConfigurationList = 2240CEEF17E750710065C648 /* Build configuration list for PBXProject "jiraphone" */;
			compatibilityVersion = "Xcode 3.2";
			developmentRegion = English;
			hasScannedForEncodings = 0;
			knownRegions = (
				en,
			);
			mainGroup = 2240CEEB17E750710065C648;
			productRefGroup = 2240CEF517E750710065C648 /* Products */;
			projectDirPath = "";
			projectRoot = "";
			targets = (
				2240CEF317E750710065C648 /* jiraphone */,
			);
		};
/* End PBXProject section */

/* Begin PBXResourcesBuildPhase section */
		2240CEF217E750710065C648 /* Resources */ = {
			isa = PBXResourcesBuildPhase;
			buildActionMask = 2147483647;
			files = (
				2240CF0217E750710065C648 /* InfoPlist.strings in Resources */,
				2240CF0A17E750710065C648 /* Default.png in Resources */,
				2240CF0C17E750710065C648 /* Default@2x.png in Resources */,
				2240CF0E17E750710065C648 /* Default-568h@2x.png in Resources */,
				2240CF1117E750710065C648 /* MainStoryboard.storyboard in Resources */,
				22D8C78E17E9E20C00DBE698 /* phono-slide-icon57.png in Resources */,
				2256E36A17EB3E7E00E4B1AA /* ringback-uk.mp3 in Resources */,
			);
			runOnlyForDeploymentPostprocessing = 0;
		};
/* End PBXResourcesBuildPhase section */

/* Begin PBXSourcesBuildPhase section */
		2240CEF017E750710065C648 /* Sources */ = {
			isa = PBXSourcesBuildPhase;
			buildActionMask = 2147483647;
			files = (
				2240CF0417E750710065C648 /* main.m in Sources */,
				2240CF0817E750710065C648 /* JiPAppDelegate.m in Sources */,
				2240CF1417E750710065C648 /* JiPMainViewController.m in Sources */,
				2240CF1717E750710065C648 /* JiPFlipsideViewController.m in Sources */,
			);
			runOnlyForDeploymentPostprocessing = 0;
		};
/* End PBXSourcesBuildPhase section */

/* Begin PBXVariantGroup section */
		2240CF0017E750710065C648 /* InfoPlist.strings */ = {
			isa = PBXVariantGroup;
			children = (
				2240CF0117E750710065C648 /* en */,
			);
			name = InfoPlist.strings;
			sourceTree = "<group>";
		};
		2240CF0F17E750710065C648 /* MainStoryboard.storyboard */ = {
			isa = PBXVariantGroup;
			children = (
				2240CF1017E750710065C648 /* en */,
			);
			name = MainStoryboard.storyboard;
			sourceTree = "<group>";
		};
/* End PBXVariantGroup section */

/* Begin XCBuildConfiguration section */
		2240CF1817E750710065C648 /* Debug */ = {
			isa = XCBuildConfiguration;
			buildSettings = {
				ALWAYS_SEARCH_USER_PATHS = NO;
				CLANG_CXX_LANGUAGE_STANDARD = "gnu++0x";
				CLANG_CXX_LIBRARY = "libc++";
				CLANG_WARN_CONSTANT_CONVERSION = YES;
				CLANG_WARN_EMPTY_BODY = YES;
				CLANG_WARN_ENUM_CONVERSION = YES;
				CLANG_WARN_INT_CONVERSION = YES;
				CLANG_WARN__DUPLICATE_METHOD_MATCH = YES;
				"CODE_SIGN_IDENTITY[sdk=iphoneos*]" = "iPhone Developer";
				COPY_PHASE_STRIP = NO;
				GCC_C_LANGUAGE_STANDARD = gnu99;
				GCC_DYNAMIC_NO_PIC = NO;
				GCC_OPTIMIZATION_LEVEL = 0;
				GCC_PREPROCESSOR_DEFINITIONS = (
					"DEBUG=1",
					"$(inherited)",
				);
				GCC_SYMBOLS_PRIVATE_EXTERN = NO;
				GCC_WARN_ABOUT_RETURN_TYPE = YES;
				GCC_WARN_UNINITIALIZED_AUTOS = YES;
				GCC_WARN_UNUSED_VARIABLE = YES;
				IPHONEOS_DEPLOYMENT_TARGET = 6.1;
				ONLY_ACTIVE_ARCH = YES;
				SDKROOT = iphoneos;
			};
			name = Debug;
		};
		2240CF1917E750710065C648 /* Release */ = {
			isa = XCBuildConfiguration;
			buildSettings = {
				ALWAYS_SEARCH_USER_PATHS = NO;
				CLANG_CXX_LANGUAGE_STANDARD = "gnu++0x";
				CLANG_CXX_LIBRARY = "libc++";
				CLANG_WARN_CONSTANT_CONVERSION = YES;
				CLANG_WARN_EMPTY_BODY = YES;
				CLANG_WARN_ENUM_CONVERSION = YES;
				CLANG_WARN_INT_CONVERSION = YES;
				CLANG_WARN__DUPLICATE_METHOD_MATCH = YES;
				"CODE_SIGN_IDENTITY[sdk=iphoneos*]" = "iPhone Developer";
				COPY_PHASE_STRIP = YES;
				GCC_C_LANGUAGE_STANDARD = gnu99;
				GCC_WARN_ABOUT_RETURN_TYPE = YES;
				GCC_WARN_UNINITIALIZED_AUTOS = YES;
				GCC_WARN_UNUSED_VARIABLE = YES;
				IPHONEOS_DEPLOYMENT_TARGET = 6.1;
				ONLY_ACTIVE_ARCH = YES;
				OTHER_CFLAGS = "-DNS_BLOCK_ASSERTIONS=1";
				SDKROOT = iphoneos;
				VALIDATE_PRODUCT = YES;
			};
			name = Release;
		};
		2240CF1B17E750710065C648 /* Debug */ = {
			isa = XCBuildConfiguration;
			buildSettings = {
				GCC_PRECOMPILE_PREFIX_HEADER = YES;
				GCC_PREFIX_HEADER = "jiraphone/jiraphone-Prefix.pch";
				INFOPLIST_FILE = "jiraphone/jiraphone-Info.plist";
				LIBRARY_SEARCH_PATHS = (
					"$(inherited)",
					"\"$(SRCROOT)/../../../phono/PhonoSDK-1.1/target/sdk/plugins/native-ios\"",
				);
				OTHER_LDFLAGS = "-lxml2";
				PRODUCT_NAME = "$(TARGET_NAME)";
				WRAPPER_EXTENSION = app;
			};
			name = Debug;
		};
		2240CF1C17E750710065C648 /* Release */ = {
			isa = XCBuildConfiguration;
			buildSettings = {
				GCC_PRECOMPILE_PREFIX_HEADER = YES;
				GCC_PREFIX_HEADER = "jiraphone/jiraphone-Prefix.pch";
				INFOPLIST_FILE = "jiraphone/jiraphone-Info.plist";
				LIBRARY_SEARCH_PATHS = (
					"$(inherited)",
					"\"$(SRCROOT)/../../../phono/PhonoSDK-1.1/target/sdk/plugins/native-ios\"",
				);
				OTHER_LDFLAGS = "-lxml2";
				PRODUCT_NAME = "$(TARGET_NAME)";
				WRAPPER_EXTENSION = app;
			};
			name = Release;
		};
/* End XCBuildConfiguration section */

/* Begin XCConfigurationList section */
		2240CEEF17E750710065C648 /* Build configuration list for PBXProject "jiraphone" */ = {
			isa = XCConfigurationList;
			buildConfigurations = (
				2240CF1817E750710065C648 /* Debug */,
				2240CF1917E750710065C648 /* Release */,
			);
			defaultConfigurationIsVisible = 0;
			defaultConfigurationName = Release;
		};
		2240CF1A17E750710065C648 /* Build configuration list for PBXNativeTarget "jiraphone" */ = {
			isa = XCConfigurationList;
			buildConfigurations = (
				2240CF1B17E750710065C648 /* Debug */,
				2240CF1C17E750710065C648 /* Release */,
			);
			defaultConfigurationIsVisible = 0;
			defaultConfigurationName = Release;
		};
/* End XCConfigurationList section */
	};
	rootObject = 2240CEEC17E750710065C648 /* Project object */;
}
